// !$*UTF8*$!
{
	archiveVersion = 1;
	classes = {
	};
	objectVersion = 55;
	objects = {

/* Begin PBXBuildFile section */
		BEA7AF6127C3BF71007322D8 /* NavDrawerApp.swift in Sources */ = {isa = PBXBuildFile; fileRef = BEA7AF6027C3BF71007322D8 /* NavDrawerApp.swift */; };
		BEA7AF6327C3BF71007322D8 /* ContentView.swift in Sources */ = {isa = PBXBuildFile; fileRef = BEA7AF6227C3BF71007322D8 /* ContentView.swift */; };
		BEA7AF6527C3BF73007322D8 /* Assets.xcassets in Resources */ = {isa = PBXBuildFile; fileRef = BEA7AF6427C3BF73007322D8 /* Assets.xcassets */; };
		BEA7AF6827C3BF73007322D8 /* Preview Assets.xcassets in Resources */ = {isa = PBXBuildFile; fileRef = BEA7AF6727C3BF73007322D8 /* Preview Assets.xcassets */; };
		BEA7AF7027C3BF8D007322D8 /* BaseView.swift in Sources */ = {isa = PBXBuildFile; fileRef = BEA7AF6F27C3BF8D007322D8 /* BaseView.swift */; };
		BEA7AF7227C3BFFB007322D8 /* SlideMenu.swift in Sources */ = {isa = PBXBuildFile; fileRef = BEA7AF7127C3BFFB007322D8 /* SlideMenu.swift */; };
		BEA7AF7427C3F03D007322D8 /* HomeView.swift in Sources */ = {isa = PBXBuildFile; fileRef = BEA7AF7327C3F03D007322D8 /* HomeView.swift */; };
/* End PBXBuildFile section */

/* Begin PBXFileReference section */
		BEA7AF5D27C3BF71007322D8 /* NavDrawer.app */ = {isa = PBXFileReference; explicitFileType = wrapper.application; includeInIndex = 0; path = NavDrawer.app; sourceTree = BUILT_PRODUCTS_DIR; };
		BEA7AF6027C3BF71007322D8 /* NavDrawerApp.swift */ = {isa = PBXFileReference; lastKnownFileType = sourcecode.swift; path = NavDrawerApp.swift; sourceTree = "<group>"; };
		BEA7AF6227C3BF71007322D8 /* ContentView.swift */ = {isa = PBXFileReference; lastKnownFileType = sourcecode.swift; path = ContentView.swift; sourceTree = "<group>"; };
		BEA7AF6427C3BF73007322D8 /* Assets.xcassets */ = {isa = PBXFileReference; lastKnownFileType = folder.assetcatalog; path = Assets.xcassets; sourceTree = "<group>"; };
		BEA7AF6727C3BF73007322D8 /* Preview Assets.xcassets */ = {isa = PBXFileReference; lastKnownFileType = folder.assetcatalog; path = "Preview Assets.xcassets"; sourceTree = "<group>"; };
		BEA7AF6F27C3BF8D007322D8 /* BaseView.swift */ = {isa = PBXFileReference; lastKnownFileType = sourcecode.swift; path = BaseView.swift; sourceTree = "<group>"; };
		BEA7AF7127C3BFFB007322D8 /* SlideMenu.swift */ = {isa = PBXFileReference; lastKnownFileType = sourcecode.swift; path = SlideMenu.swift; sourceTree = "<group>"; };
		BEA7AF7327C3F03D007322D8 /* HomeView.swift */ = {isa = PBXFileReference; lastKnownFileType = sourcecode.swift; path = HomeView.swift; sourceTree = "<group>"; };
/* End PBXFileReference section */

/* Begin PBXFrameworksBuildPhase section */
		BEA7AF5A27C3BF71007322D8 /* Frameworks */ = {
			isa = PBXFrameworksBuildPhase;
			buildActionMask = 2147483647;
			files = (
			);
			runOnlyForDeploymentPostprocessing = 0;
		};
/* End PBXFrameworksBuildPhase section */

/* Begin PBXGroup section */
		BEA7AF5427C3BF71007322D8 = {
			isa = PBXGroup;
			children = (
				BEA7AF5F27C3BF71007322D8 /* NavDrawer */,
				BEA7AF5E27C3BF71007322D8 /* Products */,
			);
			sourceTree = "<group>";
		};
		BEA7AF5E27C3BF71007322D8 /* Products */ = {
			isa = PBXGroup;
			children = (
				BEA7AF5D27C3BF71007322D8 /* NavDrawer.app */,
			);
			name = Products;
			sourceTree = "<group>";
		};
		BEA7AF5F27C3BF71007322D8 /* NavDrawer */ = {
			isa = PBXGroup;
			children = (
				BEA7AF6E27C3BF7E007322D8 /* View */,
				BEA7AF6027C3BF71007322D8 /* NavDrawerApp.swift */,
				BEA7AF6227C3BF71007322D8 /* ContentView.swift */,
				BEA7AF6427C3BF73007322D8 /* Assets.xcassets */,
				BEA7AF6627C3BF73007322D8 /* Preview Content */,
			);
			path = NavDrawer;
			sourceTree = "<group>";
		};
		BEA7AF6627C3BF73007322D8 /* Preview Content */ = {
			isa = PBXGroup;
			children = (
				BEA7AF6727C3BF73007322D8 /* Preview Assets.xcassets */,
			);
			path = "Preview Content";
			sourceTree = "<group>";
		};
		BEA7AF6E27C3BF7E007322D8 /* View */ = {
			isa = PBXGroup;
			children = (
				BEA7AF6F27C3BF8D007322D8 /* BaseView.swift */,
				BEA7AF7127C3BFFB007322D8 /* SlideMenu.swift */,
				BEA7AF7327C3F03D007322D8 /* HomeView.swift */,
			);
			path = View;
			sourceTree = "<group>";
		};
/* End PBXGroup section */

/* Begin PBXNativeTarget section */
		BEA7AF5C27C3BF71007322D8 /* NavDrawer */ = {
			isa = PBXNativeTarget;
			buildConfigurationList = BEA7AF6B27C3BF73007322D8 /* Build configuration list for PBXNativeTarget "NavDrawer" */;
			buildPhases = (
				BEA7AF5927C3BF71007322D8 /* Sources */,
				BEA7AF5A27C3BF71007322D8 /* Frameworks */,
				BEA7AF5B27C3BF71007322D8 /* Resources */,
			);
			buildRules = (
			);
			dependencies = (
			);
			name = NavDrawer;
			productName = NavDrawer;
			productReference = BEA7AF5D27C3BF71007322D8 /* NavDrawer.app */;
			productType = "com.apple.product-type.application";
		};
/* End PBXNativeTarget section */

/* Begin PBXProject section */
		BEA7AF5527C3BF71007322D8 /* Project object */ = {
			isa = PBXProject;
			attributes = {
				BuildIndependentTargetsInParallel = 1;
				LastSwiftUpdateCheck = 1320;
				LastUpgradeCheck = 1320;
				TargetAttributes = {
					BEA7AF5C27C3BF71007322D8 = {
						CreatedOnToolsVersion = 13.2.1;
					};
				};
			};
			buildConfigurationList = BEA7AF5827C3BF71007322D8 /* Build configuration list for PBXProject "NavDrawer" */;
			compatibilityVersion = "Xcode 13.0";
			developmentRegion = en;
			hasScannedForEncodings = 0;
			knownRegions = (
				en,
				Base,
			);
			mainGroup = BEA7AF5427C3BF71007322D8;
			productRefGroup = BEA7AF5E27C3BF71007322D8 /* Products */;
			projectDirPath = "";
			projectRoot = "";
			targets = (
				BEA7AF5C27C3BF71007322D8 /* NavDrawer */,
			);
		};
/* End PBXProject section */

/* Begin PBXResourcesBuildPhase section */
		BEA7AF5B27C3BF71007322D8 /* Resources */ = {
			isa = PBXResourcesBuildPhase;
			buildActionMask = 2147483647;
			files = (
				BEA7AF6827C3BF73007322D8 /* Preview Assets.xcassets in Resources */,
				BEA7AF6527C3BF73007322D8 /* Assets.xcassets in Resources */,
			);
			runOnlyForDeploymentPostprocessing = 0;
		};
/* End PBXResourcesBuildPhase section */

/* Begin PBXSourcesBuildPhase section */
		BEA7AF5927C3BF71007322D8 /* Sources */ = {
			isa = PBXSourcesBuildPhase;
			buildActionMask = 2147483647;
			files = (
				BEA7AF7227C3BFFB007322D8 /* SlideMenu.swift in Sources */,
				BEA7AF7027C3BF8D007322D8 /* BaseView.swift in Sources */,
				BEA7AF6327C3BF71007322D8 /* ContentView.swift in Sources */,
				BEA7AF7427C3F03D007322D8 /* HomeView.swift in Sources */,
				BEA7AF6127C3BF71007322D8 /* NavDrawerApp.swift in Sources */,
			);
			runOnlyForDeploymentPostprocessing = 0;
		};
/* End PBXSourcesBuildPhase section */

/* Begin XCBuildConfiguration section */
		BEA7AF6927C3BF73007322D8 /* Debug */ = {
			isa = XCBuildConfiguration;
			buildSettings = {
				ALWAYS_SEARCH_USER_PATHS = NO;
				CLANG_ANALYZER_NONNULL = YES;
				CLANG_ANALYZER_NUMBER_OBJECT_CONVERSION = YES_AGGRESSIVE;
				CLANG_CXX_LANGUAGE_STANDARD = "gnu++17";
				CLANG_CXX_LIBRARY = "libc++";
				CLANG_ENABLE_MODULES = YES;
				CLANG_ENABLE_OBJC_ARC = YES;
				CLANG_ENABLE_OBJC_WEAK = YES;
				CLANG_WARN_BLOCK_CAPTURE_AUTORELEASING = YES;
				CLANG_WARN_BOOL_CONVERSION = YES;
				CLANG_WARN_COMMA = YES;
				CLANG_WARN_CONSTANT_CONVERSION = YES;
				CLANG_WARN_DEPRECATED_OBJC_IMPLEMENTATIONS = YES;
				CLANG_WARN_DIRECT_OBJC_ISA_USAGE = YES_ERROR;
				CLANG_WARN_DOCUMENTATION_COMMENTS = YES;
				CLANG_WARN_EMPTY_BODY = YES;
				CLANG_WARN_ENUM_CONVERSION = YES;
				CLANG_WARN_INFINITE_RECURSION = YES;
				CLANG_WARN_INT_CONVERSION = YES;
				CLANG_WARN_NON_LITERAL_NULL_CONVERSION = YES;
				CLANG_WARN_OBJC_IMPLICIT_RETAIN_SELF = YES;
				CLANG_WARN_OBJC_LITERAL_CONVERSION = YES;
				CLANG_WARN_OBJC_ROOT_CLASS = YES_ERROR;
				CLANG_WARN_QUOTED_INCLUDE_IN_FRAMEWORK_HEADER = YES;
				CLANG_WARN_RANGE_LOOP_ANALYSIS = YES;
				CLANG_WARN_STRICT_PROTOTYPES = YES;
				CLANG_WARN_SUSPICIOUS_MOVE = YES;
				CLANG_WARN_UNGUARDED_AVAILABILITY = YES_AGGRESSIVE;
				CLANG_WARN_UNREACHABLE_CODE = YES;
				CLANG_WARN__DUPLICATE_METHOD_MATCH = YES;
				COPY_PHASE_STRIP = NO;
				DEBUG_INFORMATION_FORMAT = dwarf;
				ENABLE_STRICT_OBJC_MSGSEND = YES;
				ENABLE_TESTABILITY = YES;
				GCC_C_LANGUAGE_STANDARD = gnu11;
				GCC_DYNAMIC_NO_PIC = NO;
				GCC_NO_COMMON_BLOCKS = YES;
				GCC_OPTIMIZATION_LEVEL = 0;
				GCC_PREPROCESSOR_DEFINITIONS = (
					"DEBUG=1",
					"$(inherited)",
				);
				GCC_WARN_64_TO_32_BIT_CONVERSION = YES;
				GCC_WARN_ABOUT_RETURN_TYPE = YES_ERROR;
				GCC_WARN_UNDECLARED_SELECTOR = YES;
				GCC_WARN_UNINITIALIZED_AUTOS = YES_AGGRESSIVE;
				GCC_WARN_UNUSED_FUNCTION = YES;
				GCC_WARN_UNUSED_VARIABLE = YES;
				IPHONEOS_DEPLOYMENT_TARGET = 15.2;
				MTL_ENABLE_DEBUG_INFO = INCLUDE_SOURCE;
				MTL_FAST_MATH = YES;
				ONLY_ACTIVE_ARCH = YES;
				SDKROOT = iphoneos;
				SWIFT_ACTIVE_COMPILATION_CONDITIONS = DEBUG;
				SWIFT_OPTIMIZATION_LEVEL = "-Onone";
			};
			name = Debug;
		};
		BEA7AF6A27C3BF73007322D8 /* Release */ = {
			isa = XCBuildConfiguration;
			buildSettings = {
				ALWAYS_SEARCH_USER_PATHS = NO;
				CLANG_ANALYZER_NONNULL = YES;
				CLANG_ANALYZER_NUMBER_OBJECT_CONVERSION = YES_AGGRESSIVE;
				CLANG_CXX_LANGUAGE_STANDARD = "gnu++17";
				CLANG_CXX_LIBRARY = "libc++";
				CLANG_ENABLE_MODULES = YES;
				CLANG_ENABLE_OBJC_ARC = YES;
				CLANG_ENABLE_OBJC_WEAK = YES;
				CLANG_WARN_BLOCK_CAPTURE_AUTORELEASING = YES;
				CLANG_WARN_BOOL_CONVERSION = YES;
				CLANG_WARN_COMMA = YES;
				CLANG_WARN_CONSTANT_CONVERSION = YES;
				CLANG_WARN_DEPRECATED_OBJC_IMPLEMENTATIONS = YES;
				CLANG_WARN_DIRECT_OBJC_ISA_USAGE = YES_ERROR;
				CLANG_WARN_DOCUMENTATION_COMMENTS = YES;
				CLANG_WARN_EMPTY_BODY = YES;
				CLANG_WARN_ENUM_CONVERSION = YES;
				CLANG_WARN_INFINITE_RECURSION = YES;
				CLANG_WARN_INT_CONVERSION = YES;
				CLANG_WARN_NON_LITERAL_NULL_CONVERSION = YES;
				CLANG_WARN_OBJC_IMPLICIT_RETAIN_SELF = YES;
				CLANG_WARN_OBJC_LITERAL_CONVERSION = YES;
				CLANG_WARN_OBJC_ROOT_CLASS = YES_ERROR;
				CLANG_WARN_QUOTED_INCLUDE_IN_FRAMEWORK_HEADER = YES;
				CLANG_WARN_RANGE_LOOP_ANALYSIS = YES;
				CLANG_WARN_STRICT_PROTOTYPES = YES;
				CLANG_WARN_SUSPICIOUS_MOVE = YES;
				CLANG_WARN_UNGUARDED_AVAILABILITY = YES_AGGRESSIVE;
				CLANG_WARN_UNREACHABLE_CODE = YES;
				CLANG_WARN__DUPLICATE_METHOD_MATCH = YES;
				COPY_PHASE_STRIP = NO;
				DEBUG_INFORMATION_FORMAT = "dwarf-with-dsym";
				ENABLE_NS_ASSERTIONS = NO;
				ENABLE_STRICT_OBJC_MSGSEND = YES;
				GCC_C_LANGUAGE_STANDARD = gnu11;
				GCC_NO_COMMON_BLOCKS = YES;
				GCC_WARN_64_TO_32_BIT_CONVERSION = YES;
				GCC_WARN_ABOUT_RETURN_TYPE = YES_ERROR;
				GCC_WARN_UNDECLARED_SELECTOR = YES;
				GCC_WARN_UNINITIALIZED_AUTOS = YES_AGGRESSIVE;
				GCC_WARN_UNUSED_FUNCTION = YES;
				GCC_WARN_UNUSED_VARIABLE = YES;
				IPHONEOS_DEPLOYMENT_TARGET = 15.2;
				MTL_ENABLE_DEBUG_INFO = NO;
				MTL_FAST_MATH = YES;
				SDKROOT = iphoneos;
				SWIFT_COMPILATION_MODE = wholemodule;
				SWIFT_OPTIMIZATION_LEVEL = "-O";
				VALIDATE_PRODUCT = YES;
			};
			name = Release;
		};
		BEA7AF6C27C3BF73007322D8 /* Debug */ = {
			isa = XCBuildConfiguration;
			buildSettings = {
				ASSETCATALOG_COMPILER_APPICON_NAME = AppIcon;
				ASSETCATALOG_COMPILER_GLOBAL_ACCENT_COLOR_NAME = AccentColor;
				CODE_SIGN_STYLE = Automatic;
				CURRENT_PROJECT_VERSION = 1;
				DEVELOPMENT_ASSET_PATHS = "\"NavDrawer/Preview Content\"";
				ENABLE_PREVIEWS = YES;
				GENERATE_INFOPLIST_FILE = YES;
				INFOPLIST_KEY_UIApplicationSceneManifest_Generation = YES;
				INFOPLIST_KEY_UIApplicationSupportsIndirectInputEvents = YES;
				INFOPLIST_KEY_UILaunchScreen_Generation = YES;
				INFOPLIST_KEY_UISupportedInterfaceOrientations_iPad = "UIInterfaceOrientationPortrait UIInterfaceOrientationPortraitUpsideDown UIInterfaceOrientationLandscapeLeft UIInterfaceOrientationLandscapeRight";
				INFOPLIST_KEY_UISupportedInterfaceOrientations_iPhone = "UIInterfaceOrientationPortrait UIInterfaceOrientationLandscapeLeft UIInterfaceOrientationLandscapeRight";
				LD_RUNPATH_SEARCH_PATHS = (
					"$(inherited)",
					"@executable_path/Frameworks",
				);
				MARKETING_VERSION = 1.0;
				PRODUCT_BUNDLE_IDENTIFIER = com.shehan.NavDrawer;
				PRODUCT_NAME = "$(TARGET_NAME)";
				SWIFT_EMIT_LOC_STRINGS = YES;
				SWIFT_VERSION = 5.0;
				TARGETED_DEVICE_FAMILY = "1,2";
			};
			name = Debug;
		};
		BEA7AF6D27C3BF73007322D8 /* Release */ = {
			isa = XCBuildConfiguration;
			buildSettings = {
				ASSETCATALOG_COMPILER_APPICON_NAME = AppIcon;
				ASSETCATALOG_COMPILER_GLOBAL_ACCENT_COLOR_NAME = AccentColor;
				CODE_SIGN_STYLE = Automatic;
				CURRENT_PROJECT_VERSION = 1;
				DEVELOPMENT_ASSET_PATHS = "\"NavDrawer/Preview Content\"";
				ENABLE_PREVIEWS = YES;
				GENERATE_INFOPLIST_FILE = YES;
				INFOPLIST_KEY_UIApplicationSceneManifest_Generation = YES;
				INFOPLIST_KEY_UIApplicationSupportsIndirectInputEvents = YES;
				INFOPLIST_KEY_UILaunchScreen_Generation = YES;
				INFOPLIST_KEY_UISupportedInterfaceOrientations_iPad = "UIInterfaceOrientationPortrait UIInterfaceOrientationPortraitUpsideDown UIInterfaceOrientationLandscapeLeft UIInterfaceOrientationLandscapeRight";
				INFOPLIST_KEY_UISupportedInterfaceOrientations_iPhone = "UIInterfaceOrientationPortrait UIInterfaceOrientationLandscapeLeft UIInterfaceOrientationLandscapeRight";
				LD_RUNPATH_SEARCH_PATHS = (
					"$(inherited)",
					"@executable_path/Frameworks",
				);
				MARKETING_VERSION = 1.0;
				PRODUCT_BUNDLE_IDENTIFIER = com.shehan.NavDrawer;
				PRODUCT_NAME = "$(TARGET_NAME)";
				SWIFT_EMIT_LOC_STRINGS = YES;
				SWIFT_VERSION = 5.0;
				TARGETED_DEVICE_FAMILY = "1,2";
			};
			name = Release;
		};
/* End XCBuildConfiguration section */

/* Begin XCConfigurationList section */
		BEA7AF5827C3BF71007322D8 /* Build configuration list for PBXProject "NavDrawer" */ = {
			isa = XCConfigurationList;
			buildConfigurations = (
				BEA7AF6927C3BF73007322D8 /* Debug */,
				BEA7AF6A27C3BF73007322D8 /* Release */,
			);
			defaultConfigurationIsVisible = 0;
			defaultConfigurationName = Release;
		};
		BEA7AF6B27C3BF73007322D8 /* Build configuration list for PBXNativeTarget "NavDrawer" */ = {
			isa = XCConfigurationList;
			buildConfigurations = (
				BEA7AF6C27C3BF73007322D8 /* Debug */,
				BEA7AF6D27C3BF73007322D8 /* Release */,
			);
			defaultConfigurationIsVisible = 0;
			defaultConfigurationName = Release;
		};
/* End XCConfigurationList section */
	};
	rootObject = BEA7AF5527C3BF71007322D8 /* Project object */;
}
